# This file was autogenerated by Stack.
# You should not edit this file by hand.
# For more information, please see the documentation at:
#   https://docs.haskellstack.org/en/stable/lock_files

packages:
- completed:
    hackage: hsdev-0.3.3.1@sha256:1dca2b8e971083891365525b0acca38dbb244ec9a86710c3e5251801f350b534,9183
    pantry-tree:
      size: 6089
      sha256: 2d8b46741ddf80b0ae5f9b2ab537978db8d932a13b7495277237211bdfd712b6
  original:
    hackage: hsdev-0.3.3.1
- completed:
    hackage: haddock-api-2.21.0@sha256:2526805bdf86bf2fb105f22bceb9fd5e6390dd09373210af3f46e87f9ff28d24,5946
    pantry-tree:
      size: 4374
      sha256: b07e144dea95a7ced679cab464e8eb20f7eee102504def04cecfcc1ab8fdf490
  original:
    hackage: haddock-api-2.21.0
- completed:
    hackage: hdocs-0.5.3.1@sha256:8644daac11a2317a9be86247e0610c65ee6900b0d2294c553deb5a8995d196c8,2771
    pantry-tree:
      size: 512
      sha256: 23b1e971fab0822515128758704037edd7eefddbeeeb593427e4a14ba8cd4bd4
  original:
    hackage: hdocs-0.5.3.1
- completed:
    hackage: network-3.0.1.1@sha256:1a251b790ea98b6f7433f677958f921950780ba6f143d61ba8c0e3f7a9879097,4074
    pantry-tree:
      size: 3296
      sha256: 78e378780c998faaf4e32a16b98880220f502d8ef005f24d7ee0c99fb50636e6
  original:
    hackage: network-3.0.1.1
snapshots:
- completed:
    size: 500539
    url: https://raw.githubusercontent.com/commercialhaskell/stackage-snapshots/master/lts/13/29.yaml
    sha256: 006398c5e92d1d64737b7e98ae4d63987c36808814504d1451f56ebd98093f75
  original: lts-13.29
